
Microsoft Visual Studio Solution File, Format Version 12.00
# Visual Studio Version 16
VisualStudioVersion = 16.0.30114.105
MinimumVisualStudioVersion = 10.0.40219.1
Project("{9A19103F-16F7-4668-BE54-9A1E7A4F7556}") = "DataManipulation.ClassLib", "DataManipulation.ClassLib\DataManipulation.ClassLib.csproj", "{9956411F-8908-4D45-9A94-E2D824CF7057}"
EndProject
Project("{9A19103F-16F7-4668-BE54-9A1E7A4F7556}") = "DesignPatterns.ClassLib", "DesignPatterns.ClassLib\DesignPatterns.ClassLib.csproj", "{DBEA016D-F85C-481E-BFF9-180477720D99}"
EndProject
Project("{FAE04EC0-301F-11D3-BF4B-00C04F79EFBC}") = "ConsoleHelper.ClassLib", "ConsoleHelper.ClassLib\ConsoleHelper.ClassLib.csproj", "{1F9C6698-E8E0-484F-AB1C-63E06ADD36FF}"
EndProject
Project("{FAE04EC0-301F-11D3-BF4B-00C04F79EFBC}") = "ObjectModels.ClassLib", "ObjectModels.ClassLib\ObjectModels.ClassLib.csproj", "{2A7813AD-1FD3-4F72-B003-BF7264CD8A8A}"
EndProject
Project("{FAE04EC0-301F-11D3-BF4B-00C04F79EFBC}") = "ConsoleUI", "ConsoleUI\ConsoleUI.csproj", "{8420AAEA-821A-4CD2-98C2-67C8B1E0CED2}"
EndProject
Project("{FAE04EC0-301F-11D3-BF4B-00C04F79EFBC}") = "Probability_Statistics_Helper.ClassLib", "Probability_Statistics_Helper.ClassLib\Probability_Statistics_Helper.ClassLib.csproj", "{3BA14BDF-F514-4777-8282-8CEFFB01B745}"
EndProject
Global
	GlobalSection(SolutionConfigurationPlatforms) = preSolution
		Debug|Any CPU = Debug|Any CPU
		Debug|x64 = Debug|x64
		Debug|x86 = Debug|x86
		Release|Any CPU = Release|Any CPU
		Release|x64 = Release|x64
		Release|x86 = Release|x86
	EndGlobalSection
	GlobalSection(ProjectConfigurationPlatforms) = postSolution
		{9956411F-8908-4D45-9A94-E2D824CF7057}.Debug|Any CPU.ActiveCfg = Debug|Any CPU
		{9956411F-8908-4D45-9A94-E2D824CF7057}.Debug|Any CPU.Build.0 = Debug|Any CPU
		{9956411F-8908-4D45-9A94-E2D824CF7057}.Debug|x64.ActiveCfg = Debug|Any CPU
		{9956411F-8908-4D45-9A94-E2D824CF7057}.Debug|x64.Build.0 = Debug|Any CPU
		{9956411F-8908-4D45-9A94-E2D824CF7057}.Debug|x86.ActiveCfg = Debug|Any CPU
		{9956411F-8908-4D45-9A94-E2D824CF7057}.Debug|x86.Build.0 = Debug|Any CPU
		{9956411F-8908-4D45-9A94-E2D824CF7057}.Release|Any CPU.ActiveCfg = Release|Any CPU
		{9956411F-8908-4D45-9A94-E2D824CF7057}.Release|Any CPU.Build.0 = Release|Any CPU
		{9956411F-8908-4D45-9A94-E2D824CF7057}.Release|x64.ActiveCfg = Release|Any CPU
		{9956411F-8908-4D45-9A94-E2D824CF7057}.Release|x64.Build.0 = Release|Any CPU
		{9956411F-8908-4D45-9A94-E2D824CF7057}.Release|x86.ActiveCfg = Release|Any CPU
		{9956411F-8908-4D45-9A94-E2D824CF7057}.Release|x86.Build.0 = Release|Any CPU
		{DBEA016D-F85C-481E-BFF9-180477720D99}.Debug|Any CPU.ActiveCfg = Debug|Any CPU
		{DBEA016D-F85C-481E-BFF9-180477720D99}.Debug|Any CPU.Build.0 = Debug|Any CPU
		{DBEA016D-F85C-481E-BFF9-180477720D99}.Debug|x64.ActiveCfg = Debug|Any CPU
		{DBEA016D-F85C-481E-BFF9-180477720D99}.Debug|x64.Build.0 = Debug|Any CPU
		{DBEA016D-F85C-481E-BFF9-180477720D99}.Debug|x86.ActiveCfg = Debug|Any CPU
		{DBEA016D-F85C-481E-BFF9-180477720D99}.Debug|x86.Build.0 = Debug|Any CPU
		{DBEA016D-F85C-481E-BFF9-180477720D99}.Release|Any CPU.ActiveCfg = Release|Any CPU
		{DBEA016D-F85C-481E-BFF9-180477720D99}.Release|Any CPU.Build.0 = Release|Any CPU
		{DBEA016D-F85C-481E-BFF9-180477720D99}.Release|x64.ActiveCfg = Release|Any CPU
		{DBEA016D-F85C-481E-BFF9-180477720D99}.Release|x64.Build.0 = Release|Any CPU
		{DBEA016D-F85C-481E-BFF9-180477720D99}.Release|x86.ActiveCfg = Release|Any CPU
		{DBEA016D-F85C-481E-BFF9-180477720D99}.Release|x86.Build.0 = Release|Any CPU
		{1F9C6698-E8E0-484F-AB1C-63E06ADD36FF}.Debug|Any CPU.ActiveCfg = Debug|Any CPU
		{1F9C6698-E8E0-484F-AB1C-63E06ADD36FF}.Debug|Any CPU.Build.0 = Debug|Any CPU
		{1F9C6698-E8E0-484F-AB1C-63E06ADD36FF}.Debug|x64.ActiveCfg = Debug|Any CPU
		{1F9C6698-E8E0-484F-AB1C-63E06ADD36FF}.Debug|x64.Build.0 = Debug|Any CPU
		{1F9C6698-E8E0-484F-AB1C-63E06ADD36FF}.Debug|x86.ActiveCfg = Debug|Any CPU
		{1F9C6698-E8E0-484F-AB1C-63E06ADD36FF}.Debug|x86.Build.0 = Debug|Any CPU
		{1F9C6698-E8E0-484F-AB1C-63E06ADD36FF}.Release|Any CPU.ActiveCfg = Release|Any CPU
		{1F9C6698-E8E0-484F-AB1C-63E06ADD36FF}.Release|Any CPU.Build.0 = Release|Any CPU
		{1F9C6698-E8E0-484F-AB1C-63E06ADD36FF}.Release|x64.ActiveCfg = Release|Any CPU
		{1F9C6698-E8E0-484F-AB1C-63E06ADD36FF}.Release|x64.Build.0 = Release|Any CPU
		{1F9C6698-E8E0-484F-AB1C-63E06ADD36FF}.Release|x86.ActiveCfg = Release|Any CPU
		{1F9C6698-E8E0-484F-AB1C-63E06ADD36FF}.Release|x86.Build.0 = Release|Any CPU
		{2A7813AD-1FD3-4F72-B003-BF7264CD8A8A}.Debug|Any CPU.ActiveCfg = Debug|Any CPU
		{2A7813AD-1FD3-4F72-B003-BF7264CD8A8A}.Debug|Any CPU.Build.0 = Debug|Any CPU
		{2A7813AD-1FD3-4F72-B003-BF7264CD8A8A}.Debug|x64.ActiveCfg = Debug|Any CPU
		{2A7813AD-1FD3-4F72-B003-BF7264CD8A8A}.Debug|x64.Build.0 = Debug|Any CPU
		{2A7813AD-1FD3-4F72-B003-BF7264CD8A8A}.Debug|x86.ActiveCfg = Debug|Any CPU
		{2A7813AD-1FD3-4F72-B003-BF7264CD8A8A}.Debug|x86.Build.0 = Debug|Any CPU
		{2A7813AD-1FD3-4F72-B003-BF7264CD8A8A}.Release|Any CPU.ActiveCfg = Release|Any CPU
		{2A7813AD-1FD3-4F72-B003-BF7264CD8A8A}.Release|Any CPU.Build.0 = Release|Any CPU
		{2A7813AD-1FD3-4F72-B003-BF7264CD8A8A}.Release|x64.ActiveCfg = Release|Any CPU
		{2A7813AD-1FD3-4F72-B003-BF7264CD8A8A}.Release|x64.Build.0 = Release|Any CPU
		{2A7813AD-1FD3-4F72-B003-BF7264CD8A8A}.Release|x86.ActiveCfg = Release|Any CPU
		{2A7813AD-1FD3-4F72-B003-BF7264CD8A8A}.Release|x86.Build.0 = Release|Any CPU
		{8420AAEA-821A-4CD2-98C2-67C8B1E0CED2}.Debug|Any CPU.ActiveCfg = Debug|Any CPU
		{8420AAEA-821A-4CD2-98C2-67C8B1E0CED2}.Debug|Any CPU.Build.0 = Debug|Any CPU
		{8420AAEA-821A-4CD2-98C2-67C8B1E0CED2}.Debug|x64.ActiveCfg = Debug|Any CPU
		{8420AAEA-821A-4CD2-98C2-67C8B1E0CED2}.Debug|x64.Build.0 = Debug|Any CPU
		{8420AAEA-821A-4CD2-98C2-67C8B1E0CED2}.Debug|x86.ActiveCfg = Debug|Any CPU
		{8420AAEA-821A-4CD2-98C2-67C8B1E0CED2}.Debug|x86.Build.0 = Debug|Any CPU
		{8420AAEA-821A-4CD2-98C2-67C8B1E0CED2}.Release|Any CPU.ActiveCfg = Release|Any CPU
		{8420AAEA-821A-4CD2-98C2-67C8B1E0CED2}.Release|Any CPU.Build.0 = Release|Any CPU
		{8420AAEA-821A-4CD2-98C2-67C8B1E0CED2}.Release|x64.ActiveCfg = Release|Any CPU
		{8420AAEA-821A-4CD2-98C2-67C8B1E0CED2}.Release|x64.Build.0 = Release|Any CPU
		{8420AAEA-821A-4CD2-98C2-67C8B1E0CED2}.Release|x86.ActiveCfg = Release|Any CPU
		{8420AAEA-821A-4CD2-98C2-67C8B1E0CED2}.Release|x86.Build.0 = Release|Any CPU
		{3BA14BDF-F514-4777-8282-8CEFFB01B745}.Debug|Any CPU.ActiveCfg = Debug|Any CPU
		{3BA14BDF-F514-4777-8282-8CEFFB01B745}.Debug|Any CPU.Build.0 = Debug|Any CPU
		{3BA14BDF-F514-4777-8282-8CEFFB01B745}.Debug|x64.ActiveCfg = Debug|Any CPU
		{3BA14BDF-F514-4777-8282-8CEFFB01B745}.Debug|x64.Build.0 = Debug|Any CPU
		{3BA14BDF-F514-4777-8282-8CEFFB01B745}.Debug|x86.ActiveCfg = Debug|Any CPU
		{3BA14BDF-F514-4777-8282-8CEFFB01B745}.Debug|x86.Build.0 = Debug|Any CPU
		{3BA14BDF-F514-4777-8282-8CEFFB01B745}.Release|Any CPU.ActiveCfg = Release|Any CPU
		{3BA14BDF-F514-4777-8282-8CEFFB01B745}.Release|Any CPU.Build.0 = Release|Any CPU
		{3BA14BDF-F514-4777-8282-8CEFFB01B745}.Release|x64.ActiveCfg = Release|Any CPU
		{3BA14BDF-F514-4777-8282-8CEFFB01B745}.Release|x64.Build.0 = Release|Any CPU
		{3BA14BDF-F514-4777-8282-8CEFFB01B745}.Release|x86.ActiveCfg = Release|Any CPU
		{3BA14BDF-F514-4777-8282-8CEFFB01B745}.Release|x86.Build.0 = Release|Any CPU
	EndGlobalSection
	GlobalSection(SolutionProperties) = preSolution
		HideSolutionNode = FALSE
	EndGlobalSection
	GlobalSection(ExtensibilityGlobals) = postSolution
		SolutionGuid = {BFE001F2-D0BE-459D-9192-3EB3B3706602}
	EndGlobalSection
EndGlobal
